PODS:
  - Alamofire (5.6.4)
  - Kingfisher (7.4.1)
  - SwiftHash (2.0.2)

DEPENDENCIES:
  - Alamofire (~> 5.6)
  - Kingfisher (~> 7.4)
  - SwiftHash (~> 2.0)

SPEC REPOS:
  trunk:
    - Alamofire
    - Kingfisher
    - SwiftHash

SPEC CHECKSUMS:
  Alamofire: 4e95d97098eacb88856099c4fc79b526a299e48c
  Kingfisher: cd762a593a61b2fbecf7645c00f9a801a3ebfc9c
  SwiftHash: 6d312abe61c8359bdef8d0093642f3a70b1c17ba

PODFILE CHECKSUM: f6058f49d55f216f6dbcc23755c063746d92820d

COCOAPODS: 1.11.3
